
Microsoft Visual Studio Solution File, Format Version 12.00
# Visual Studio Version 16
VisualStudioVersion = 16.0.29102.190
MinimumVisualStudioVersion = 10.0.40219.1
Project("{FAE04EC0-301F-11D3-BF4B-00C04F79EFBC}") = "InputDisplay", "InputDisplay\InputDisplay.csproj", "{5AD35D9C-D669-4A31-8A63-503C429EE4E3}"
EndProject
Global
	GlobalSection(SolutionConfigurationPlatforms) = preSolution
		Debug|Any CPU = Debug|Any CPU
		Release|Any CPU = Release|Any CPU
	EndGlobalSection
	GlobalSection(ProjectConfigurationPlatforms) = postSolution
		{5AD35D9C-D669-4A31-8A63-503C429EE4E3}.Debug|Any CPU.ActiveCfg = Debug|Any CPU
		{5AD35D9C-D669-4A31-8A63-503C429EE4E3}.Debug|Any CPU.Build.0 = Debug|Any CPU
		{5AD35D9C-D669-4A31-8A63-503C429EE4E3}.Release|Any CPU.ActiveCfg = Release|Any CPU
		{5AD35D9C-D669-4A31-8A63-503C429EE4E3}.Release|Any CPU.Build.0 = Release|Any CPU
	EndGlobalSection
	GlobalSection(SolutionProperties) = preSolution
		HideSolutionNode = FALSE
	EndGlobalSection
	GlobalSection(ExtensibilityGlobals) = postSolution
		SolutionGuid = {E27B0961-61B1-43B5-90BA-B54C6424B651}
	EndGlobalSection
EndGlobal
